
Microsoft Visual Studio Solution File, Format Version 12.00
# Visual Studio Version 16
VisualStudioVersion = 16.0.31025.194
MinimumVisualStudioVersion = 10.0.40219.1
Project("{FAE04EC0-301F-11D3-BF4B-00C04F79EFBC}") = "area-formas", "area-formas\area-formas.csproj", "{84D3AC6E-E12C-41DF-A6CD-AD20DBAAE193}"
EndProject
Global
	GlobalSection(SolutionConfigurationPlatforms) = preSolution
		Debug|Any CPU = Debug|Any CPU
		Release|Any CPU = Release|Any CPU
	EndGlobalSection
	GlobalSection(ProjectConfigurationPlatforms) = postSolution
		{84D3AC6E-E12C-41DF-A6CD-AD20DBAAE193}.Debug|Any CPU.ActiveCfg = Debug|Any CPU
		{84D3AC6E-E12C-41DF-A6CD-AD20DBAAE193}.Debug|Any CPU.Build.0 = Debug|Any CPU
		{84D3AC6E-E12C-41DF-A6CD-AD20DBAAE193}.Release|Any CPU.ActiveCfg = Release|Any CPU
		{84D3AC6E-E12C-41DF-A6CD-AD20DBAAE193}.Release|Any CPU.Build.0 = Release|Any CPU
	EndGlobalSection
	GlobalSection(SolutionProperties) = preSolution
		HideSolutionNode = FALSE
	EndGlobalSection
	GlobalSection(ExtensibilityGlobals) = postSolution
		SolutionGuid = {65F1D738-E036-45A3-8260-F4F4F44B97F4}
	EndGlobalSection
EndGlobal
