
Microsoft Visual Studio Solution File, Format Version 12.00
# Visual Studio Version 16
VisualStudioVersion = 16.0.31025.194
MinimumVisualStudioVersion = 10.0.40219.1
Project("{FAE04EC0-301F-11D3-BF4B-00C04F79EFBC}") = "Pos-Neg", "Pos-Neg\Pos-Neg.csproj", "{EF63019E-ADD9-465D-8C5C-97ED44D8076D}"
EndProject
Global
	GlobalSection(SolutionConfigurationPlatforms) = preSolution
		Debug|Any CPU = Debug|Any CPU
		Release|Any CPU = Release|Any CPU
	EndGlobalSection
	GlobalSection(ProjectConfigurationPlatforms) = postSolution
		{EF63019E-ADD9-465D-8C5C-97ED44D8076D}.Debug|Any CPU.ActiveCfg = Debug|Any CPU
		{EF63019E-ADD9-465D-8C5C-97ED44D8076D}.Debug|Any CPU.Build.0 = Debug|Any CPU
		{EF63019E-ADD9-465D-8C5C-97ED44D8076D}.Release|Any CPU.ActiveCfg = Release|Any CPU
		{EF63019E-ADD9-465D-8C5C-97ED44D8076D}.Release|Any CPU.Build.0 = Release|Any CPU
	EndGlobalSection
	GlobalSection(SolutionProperties) = preSolution
		HideSolutionNode = FALSE
	EndGlobalSection
	GlobalSection(ExtensibilityGlobals) = postSolution
		SolutionGuid = {E4919002-8FC8-4DDD-950C-B67787E1FFED}
	EndGlobalSection
EndGlobal
