
Microsoft Visual Studio Solution File, Format Version 12.00
# Visual Studio Version 16
VisualStudioVersion = 16.0.31025.194
MinimumVisualStudioVersion = 10.0.40219.1
Project("{FAE04EC0-301F-11D3-BF4B-00C04F79EFBC}") = "Num-Mult", "Num-Mult\Num-Mult.csproj", "{98D0F395-6F55-45B9-872C-173084EA8A3E}"
EndProject
Global
	GlobalSection(SolutionConfigurationPlatforms) = preSolution
		Debug|Any CPU = Debug|Any CPU
		Release|Any CPU = Release|Any CPU
	EndGlobalSection
	GlobalSection(ProjectConfigurationPlatforms) = postSolution
		{98D0F395-6F55-45B9-872C-173084EA8A3E}.Debug|Any CPU.ActiveCfg = Debug|Any CPU
		{98D0F395-6F55-45B9-872C-173084EA8A3E}.Debug|Any CPU.Build.0 = Debug|Any CPU
		{98D0F395-6F55-45B9-872C-173084EA8A3E}.Release|Any CPU.ActiveCfg = Release|Any CPU
		{98D0F395-6F55-45B9-872C-173084EA8A3E}.Release|Any CPU.Build.0 = Release|Any CPU
	EndGlobalSection
	GlobalSection(SolutionProperties) = preSolution
		HideSolutionNode = FALSE
	EndGlobalSection
	GlobalSection(ExtensibilityGlobals) = postSolution
		SolutionGuid = {61F8B4FF-A3F0-4523-B4B3-A81B4CA25625}
	EndGlobalSection
EndGlobal
